// !$*UTF8*$!
{
	archiveVersion = 1;
	classes = {
	};
	objectVersion = 46;
	objects = {

/* Begin PBXBuildFile section */
		6D304EE2209B4D940068DDD4 /* test.swift in Sources */ = {isa = PBXBuildFile; fileRef = 6D304EE1209B4D940068DDD4 /* test.swift */; };
		6D304EEE209B4DAD0068DDD4 /* tests.swift in Sources */ = {isa = PBXBuildFile; fileRef = 6D304EED209B4DAD0068DDD4 /* tests.swift */; };
		E7A30F0417C42F9700000000 /* ActivityIndicatorView.xcassets in Resources */ = {isa = PBXBuildFile; fileRef = 1DD70E2917C42F9700000000 /* ActivityIndicatorView.xcassets */; };
		E7A30F0420DAE01900000000 /* Assets.xcassets in Resources */ = {isa = PBXBuildFile; fileRef = 1DD70E2920DAE01900000000 /* Assets.xcassets */; };
		E7A30F044E1BC8CB00000000 /* AppDelegate.swift in Sources */ = {isa = PBXBuildFile; fileRef = 1DD70E294E1BC8CB00000000 /* AppDelegate.swift */; };
		E7A30F04587B389A00000000 /* libSnapKit.a in Frameworks */ = {isa = PBXBuildFile; fileRef = 1DD70E29587B389A00000000 /* libSnapKit.a */; };
		E7A30F04AC9D11D600000000 /* libDwifft.a in Frameworks */ = {isa = PBXBuildFile; fileRef = 1DD70E29AC9D11D600000000 /* libDwifft.a */; };
		E7A30F04AE317AA300000000 /* Foundation.framework in Frameworks */ = {isa = PBXBuildFile; fileRef = 1DD70E29AE317AA300000000 /* Foundation.framework */; };
		E7A30F04B20BDA4000000000 /* LaunchScreen.storyboard in Resources */ = {isa = PBXBuildFile; fileRef = 1DD70E29B20BDA4000000000 /* LaunchScreen.storyboard */; };
		E7A30F04C3B9C6B200000000 /* UIKit.framework in Frameworks */ = {isa = PBXBuildFile; fileRef = 1DD70E29C3B9C6B200000000 /* UIKit.framework */; };
		E7A30F04CE6FC07700000000 /* libStashUI.a in Frameworks */ = {isa = PBXBuildFile; fileRef = 1DD70E29CE6FC07700000000 /* libStashUI.a */; };
		E7A30F04CF48322600000000 /* ViewController.swift in Sources */ = {isa = PBXBuildFile; fileRef = 1DD70E29CF48322600000000 /* ViewController.swift */; };
		E7A30F04D86F7A4600000000 /* Main.storyboard in Resources */ = {isa = PBXBuildFile; fileRef = 1DD70E29D86F7A4600000000 /* Main.storyboard */; };
		E7A30F04DE7920CF00000000 /* BuckExample in Resources */ = {isa = PBXBuildFile; fileRef = 1DD70E29DE7920CF00000000 /* BuckExample */; };
/* End PBXBuildFile section */

/* Begin PBXCopyFilesBuildPhase section */
		6D304EDD209B4D940068DDD4 /* CopyFiles */ = {
			isa = PBXCopyFilesBuildPhase;
			buildActionMask = 2147483647;
			dstPath = "include/$(PRODUCT_NAME)";
			dstSubfolderSpec = 16;
			files = (
			);
			runOnlyForDeploymentPostprocessing = 0;
		};
		6D304EE9209B4DAD0068DDD4 /* CopyFiles */ = {
			isa = PBXCopyFilesBuildPhase;
			buildActionMask = 2147483647;
			dstPath = "include/$(PRODUCT_NAME)";
			dstSubfolderSpec = 16;
			files = (
			);
			runOnlyForDeploymentPostprocessing = 0;
		};
/* End PBXCopyFilesBuildPhase section */

/* Begin PBXFileReference section */
		1DD70E29001F47FB00000000 /* BUCK */ = {isa = PBXFileReference; explicitFileType = text.script.python; path = BUCK; sourceTree = SOURCE_ROOT; };
		1DD70E2906C06BEE00000000 /* Info.plist */ = {isa = PBXFileReference; explicitFileType = text.plist; name = Info.plist; path = BuckExample/Info.plist; sourceTree = "<group>"; };
		1DD70E2917C42F9700000000 /* ActivityIndicatorView.xcassets */ = {isa = PBXFileReference; explicitFileType = folder.assetcatalog; name = ActivityIndicatorView.xcassets; path = StashUI/UI/UI/activityindicator/ActivityIndicatorView.xcassets; sourceTree = SOURCE_ROOT; };
		1DD70E2920DAE01900000000 /* Assets.xcassets */ = {isa = PBXFileReference; explicitFileType = folder.assetcatalog; name = Assets.xcassets; path = BuckExample/Assets.xcassets; sourceTree = SOURCE_ROOT; };
		1DD70E294E1BC8CB00000000 /* AppDelegate.swift */ = {isa = PBXFileReference; lastKnownFileType = sourcecode.swift; name = AppDelegate.swift; path = BuckExample/AppDelegate.swift; sourceTree = SOURCE_ROOT; };
		1DD70E29587B389A00000000 /* libSnapKit.a */ = {isa = PBXFileReference; explicitFileType = archive.ar; path = libSnapKit.a; sourceTree = BUILT_PRODUCTS_DIR; };
		1DD70E297AC5BA4D00000000 /* BuckExampleApp-Profile.xcconfig */ = {isa = PBXFileReference; explicitFileType = text.xcconfig; name = "BuckExampleApp-Profile.xcconfig"; path = "buck-out/gen/BuckExampleApp-Profile.xcconfig"; sourceTree = SOURCE_ROOT; };
		1DD70E29AC9D11D600000000 /* libDwifft.a */ = {isa = PBXFileReference; explicitFileType = archive.ar; path = libDwifft.a; sourceTree = BUILT_PRODUCTS_DIR; };
		1DD70E29AE317AA300000000 /* Foundation.framework */ = {isa = PBXFileReference; explicitFileType = wrapper.framework; name = Foundation.framework; path = System/Library/Frameworks/Foundation.framework; sourceTree = SDKROOT; };
		1DD70E29B20BDA4000000000 /* LaunchScreen.storyboard */ = {isa = PBXFileReference; lastKnownFileType = file.storyboard; name = LaunchScreen.storyboard; path = BuckExample/Base.lproj/LaunchScreen.storyboard; sourceTree = SOURCE_ROOT; };
		1DD70E29B4C47FA300000000 /* BuckExampleApp-Debug.xcconfig */ = {isa = PBXFileReference; explicitFileType = text.xcconfig; name = "BuckExampleApp-Debug.xcconfig"; path = "buck-out/gen/BuckExampleApp-Debug.xcconfig"; sourceTree = SOURCE_ROOT; };
		1DD70E29C3B9C6B200000000 /* UIKit.framework */ = {isa = PBXFileReference; explicitFileType = wrapper.framework; name = UIKit.framework; path = System/Library/Frameworks/UIKit.framework; sourceTree = SDKROOT; };
		1DD70E29CE6FC07700000000 /* libStashUI.a */ = {isa = PBXFileReference; explicitFileType = archive.ar; path = libStashUI.a; sourceTree = BUILT_PRODUCTS_DIR; };
		1DD70E29CF48322600000000 /* ViewController.swift */ = {isa = PBXFileReference; lastKnownFileType = sourcecode.swift; name = ViewController.swift; path = BuckExample/ViewController.swift; sourceTree = SOURCE_ROOT; };
		1DD70E29D86F7A4600000000 /* Main.storyboard */ = {isa = PBXFileReference; lastKnownFileType = file.storyboard; name = Main.storyboard; path = BuckExample/Base.lproj/Main.storyboard; sourceTree = SOURCE_ROOT; };
		1DD70E29DE7920CF00000000 /* BuckExample */ = {isa = PBXFileReference; explicitFileType = folder; path = BuckExample; sourceTree = SOURCE_ROOT; };
		1DD70E29EE5C65AF00000000 /* BuckExampleApp-Release.xcconfig */ = {isa = PBXFileReference; explicitFileType = text.xcconfig; name = "BuckExampleApp-Release.xcconfig"; path = "buck-out/gen/BuckExampleApp-Release.xcconfig"; sourceTree = SOURCE_ROOT; };
		1DD70E29EFEAA50500000000 /* BuckExampleApp.app */ = {isa = PBXFileReference; explicitFileType = wrapper.application; path = BuckExampleApp.app; sourceTree = BUILT_PRODUCTS_DIR; };
		6D304EDF209B4D940068DDD4 /* libtest.a */ = {isa = PBXFileReference; explicitFileType = archive.ar; includeInIndex = 0; path = libtest.a; sourceTree = BUILT_PRODUCTS_DIR; };
		6D304EE1209B4D940068DDD4 /* test.swift */ = {isa = PBXFileReference; lastKnownFileType = sourcecode.swift; path = test.swift; sourceTree = "<group>"; };
		6D304EEB209B4DAD0068DDD4 /* libtests.a */ = {isa = PBXFileReference; explicitFileType = archive.ar; includeInIndex = 0; path = libtests.a; sourceTree = BUILT_PRODUCTS_DIR; };
		6D304EED209B4DAD0068DDD4 /* tests.swift */ = {isa = PBXFileReference; lastKnownFileType = sourcecode.swift; path = tests.swift; sourceTree = "<group>"; };
/* End PBXFileReference section */

/* Begin PBXFrameworksBuildPhase section */
		4F426D880000000000000000 /* Frameworks */ = {
			isa = PBXFrameworksBuildPhase;
			buildActionMask = 0;
			files = (
				E7A30F04AE317AA300000000 /* Foundation.framework in Frameworks */,
				E7A30F04C3B9C6B200000000 /* UIKit.framework in Frameworks */,
				E7A30F04AC9D11D600000000 /* libDwifft.a in Frameworks */,
				E7A30F04587B389A00000000 /* libSnapKit.a in Frameworks */,
				E7A30F04CE6FC07700000000 /* libStashUI.a in Frameworks */,
			);
			runOnlyForDeploymentPostprocessing = 0;
		};
		6D304EDC209B4D940068DDD4 /* Frameworks */ = {
			isa = PBXFrameworksBuildPhase;
			buildActionMask = 2147483647;
			files = (
			);
			runOnlyForDeploymentPostprocessing = 0;
		};
		6D304EE8209B4DAD0068DDD4 /* Frameworks */ = {
			isa = PBXFrameworksBuildPhase;
			buildActionMask = 2147483647;
			files = (
			);
			runOnlyForDeploymentPostprocessing = 0;
		};
/* End PBXFrameworksBuildPhase section */

/* Begin PBXGroup section */
		6D304EE0209B4D940068DDD4 /* test */ = {
			isa = PBXGroup;
			children = (
				6D304EE1209B4D940068DDD4 /* test.swift */,
			);
			path = test;
			sourceTree = "<group>";
		};
		6D304EEC209B4DAD0068DDD4 /* tests */ = {
			isa = PBXGroup;
			children = (
				6D304EED209B4DAD0068DDD4 /* tests.swift */,
			);
			path = tests;
			sourceTree = "<group>";
		};
		B401C979013EDE0500000000 /* Resources */ = {
			isa = PBXGroup;
			children = (
				1DD70E2917C42F9700000000 /* ActivityIndicatorView.xcassets */,
				1DD70E2920DAE01900000000 /* Assets.xcassets */,
				1DD70E29DE7920CF00000000 /* BuckExample */,
				1DD70E29B20BDA4000000000 /* LaunchScreen.storyboard */,
				1DD70E29D86F7A4600000000 /* Main.storyboard */,
			);
			name = Resources;
			sourceTree = "<group>";
		};
		B401C9792F7F325000000000 /* Buck (Do Not Modify) */ = {
			isa = PBXGroup;
			children = (
				1DD70E29B4C47FA300000000 /* BuckExampleApp-Debug.xcconfig */,
				1DD70E297AC5BA4D00000000 /* BuckExampleApp-Profile.xcconfig */,
				1DD70E29EE5C65AF00000000 /* BuckExampleApp-Release.xcconfig */,
			);
			name = "Buck (Do Not Modify)";
			sourceTree = "<group>";
		};
		B401C97968022A5500000000 /* Frameworks */ = {
			isa = PBXGroup;
			children = (
				1DD70E29AE317AA300000000 /* Foundation.framework */,
				1DD70E29C3B9C6B200000000 /* UIKit.framework */,
				1DD70E29AC9D11D600000000 /* libDwifft.a */,
				1DD70E29587B389A00000000 /* libSnapKit.a */,
				1DD70E29CE6FC07700000000 /* libStashUI.a */,
			);
			name = Frameworks;
			sourceTree = "<group>";
		};
		B401C97971D1FAD200000000 /* BuckExampleApp */ = {
			isa = PBXGroup;
			children = (
				1DD70E29001F47FB00000000 /* BUCK */,
				B401C979013EDE0500000000 /* Resources */,
				B401C979EAB5339800000000 /* Sources */,
			);
			name = BuckExampleApp;
			sourceTree = "<group>";
		};
		B401C979B781F65D00000000 /* Configurations */ = {
			isa = PBXGroup;
			children = (
				B401C9792F7F325000000000 /* Buck (Do Not Modify) */,
			);
			name = Configurations;
			sourceTree = "<group>";
		};
		B401C979C806358400000000 /* Products */ = {
			isa = PBXGroup;
			children = (
				1DD70E29EFEAA50500000000 /* BuckExampleApp.app */,
				6D304EDF209B4D940068DDD4 /* libtest.a */,
				6D304EEB209B4DAD0068DDD4 /* libtests.a */,
			);
			name = Products;
			sourceTree = "<group>";
		};
		B401C979EAB5339800000000 /* Sources */ = {
			isa = PBXGroup;
			children = (
				1DD70E294E1BC8CB00000000 /* AppDelegate.swift */,
				1DD70E29CF48322600000000 /* ViewController.swift */,
				1DD70E2906C06BEE00000000 /* Info.plist */,
			);
			name = Sources;
			sourceTree = "<group>";
		};
		B401C979EFB6AC4600000000 /* mainGroup */ = {
			isa = PBXGroup;
			children = (
				B401C97971D1FAD200000000 /* BuckExampleApp */,
				B401C979B781F65D00000000 /* Configurations */,
				6D304EE0209B4D940068DDD4 /* test */,
				6D304EEC209B4DAD0068DDD4 /* tests */,
				B401C97968022A5500000000 /* Frameworks */,
				B401C979C806358400000000 /* Products */,
			);
			name = mainGroup;
			sourceTree = "<group>";
		};
/* End PBXGroup section */

/* Begin PBXNativeTarget section */
		6D304EDE209B4D940068DDD4 /* test */ = {
			isa = PBXNativeTarget;
			buildConfigurationList = 6D304EE6209B4D940068DDD4 /* Build configuration list for PBXNativeTarget "test" */;
			buildPhases = (
				6D304EDB209B4D940068DDD4 /* Sources */,
				6D304EDC209B4D940068DDD4 /* Frameworks */,
				6D304EDD209B4D940068DDD4 /* CopyFiles */,
			);
			buildRules = (
			);
			dependencies = (
			);
			name = test;
			productName = test;
			productReference = 6D304EDF209B4D940068DDD4 /* libtest.a */;
			productType = "com.apple.product-type.library.static";
		};
		6D304EEA209B4DAD0068DDD4 /* tests */ = {
			isa = PBXNativeTarget;
			buildConfigurationList = 6D304EEF209B4DAD0068DDD4 /* Build configuration list for PBXNativeTarget "tests" */;
			buildPhases = (
				6D304EE7209B4DAD0068DDD4 /* Sources */,
				6D304EE8209B4DAD0068DDD4 /* Frameworks */,
				6D304EE9209B4DAD0068DDD4 /* CopyFiles */,
			);
			buildRules = (
			);
			dependencies = (
			);
			name = tests;
			productName = tests;
			productReference = 6D304EEB209B4DAD0068DDD4 /* libtests.a */;
			productType = "com.apple.product-type.library.static";
		};
		E66DC04E71D1FAD200000000 /* BuckExampleApp */ = {
			isa = PBXNativeTarget;
			buildConfigurationList = 218C37090000000000000000 /* Build configuration list for PBXNativeTarget "BuckExampleApp" */;
			buildPhases = (
				1870857F0000000000000000 /* Sources */,
				4F426D880000000000000000 /* Frameworks */,
				8A032D2C0000000000000000 /* Resources */,
			);
			buildRules = (
			);
			dependencies = (
			);
			name = BuckExampleApp;
			productName = BuckExampleApp;
			productReference = 1DD70E29EFEAA50500000000 /* BuckExampleApp.app */;
			productType = "com.apple.product-type.application";
		};
/* End PBXNativeTarget section */

/* Begin PBXProject section */
		96C8479350C8E2F900000000 /* Project object */ = {
			isa = PBXProject;
			attributes = {
				LastSwiftUpdateCheck = 0930;
				LastUpgradeCheck = 9999;
				TargetAttributes = {
					6D304EDE209B4D940068DDD4 = {
						CreatedOnToolsVersion = 9.3;
						DevelopmentTeam = 3YTGRA6MV9;
						ProvisioningStyle = Automatic;
					};
					6D304EEA209B4DAD0068DDD4 = {
						CreatedOnToolsVersion = 9.3;
						DevelopmentTeam = 3YTGRA6MV9;
						ProvisioningStyle = Automatic;
					};
				};
			};
			buildConfigurationList = 218C37090000000000000001 /* Build configuration list for PBXProject "Project" */;
			compatibilityVersion = "Xcode 3.2";
			developmentRegion = en;
			hasScannedForEncodings = 0;
			knownRegions = (
				en,
			);
			mainGroup = B401C979EFB6AC4600000000 /* mainGroup */;
			projectDirPath = "";
			projectRoot = "";
			targets = (
				E66DC04E71D1FAD200000000 /* BuckExampleApp */,
				6D304EDE209B4D940068DDD4 /* test */,
				6D304EEA209B4DAD0068DDD4 /* tests */,
			);
		};
/* End PBXProject section */

/* Begin PBXResourcesBuildPhase section */
		8A032D2C0000000000000000 /* Resources */ = {
			isa = PBXResourcesBuildPhase;
			buildActionMask = 0;
			files = (
				E7A30F04B20BDA4000000000 /* LaunchScreen.storyboard in Resources */,
				E7A30F04D86F7A4600000000 /* Main.storyboard in Resources */,
				E7A30F04DE7920CF00000000 /* BuckExample in Resources */,
				E7A30F0420DAE01900000000 /* Assets.xcassets in Resources */,
				E7A30F0417C42F9700000000 /* ActivityIndicatorView.xcassets in Resources */,
			);
			runOnlyForDeploymentPostprocessing = 0;
		};
/* End PBXResourcesBuildPhase section */

/* Begin PBXSourcesBuildPhase section */
		1870857F0000000000000000 /* Sources */ = {
			isa = PBXSourcesBuildPhase;
			buildActionMask = 0;
			files = (
				E7A30F044E1BC8CB00000000 /* AppDelegate.swift in Sources */,
				E7A30F04CF48322600000000 /* ViewController.swift in Sources */,
			);
			runOnlyForDeploymentPostprocessing = 0;
		};
		6D304EDB209B4D940068DDD4 /* Sources */ = {
			isa = PBXSourcesBuildPhase;
			buildActionMask = 2147483647;
			files = (
				6D304EE2209B4D940068DDD4 /* test.swift in Sources */,
			);
			runOnlyForDeploymentPostprocessing = 0;
		};
		6D304EE7209B4DAD0068DDD4 /* Sources */ = {
			isa = PBXSourcesBuildPhase;
			buildActionMask = 2147483647;
			files = (
				6D304EEE209B4DAD0068DDD4 /* tests.swift in Sources */,
			);
			runOnlyForDeploymentPostprocessing = 0;
		};
/* End PBXSourcesBuildPhase section */

/* Begin XCBuildConfiguration section */
		4952437303EDA63300000000 /* Debug */ = {
			isa = XCBuildConfiguration;
			baseConfigurationReference = 1DD70E29B4C47FA300000000 /* BuckExampleApp-Debug.xcconfig */;
			buildSettings = {
			};
			name = Debug;
		};
		4952437303EDA63300000001 /* Debug */ = {
			isa = XCBuildConfiguration;
			buildSettings = {
			};
			name = Debug;
		};
		4952437350C7218900000000 /* Profile */ = {
			isa = XCBuildConfiguration;
			baseConfigurationReference = 1DD70E297AC5BA4D00000000 /* BuckExampleApp-Profile.xcconfig */;
			buildSettings = {
			};
			name = Profile;
		};
		4952437350C7218900000001 /* Profile */ = {
			isa = XCBuildConfiguration;
			buildSettings = {
			};
			name = Profile;
		};
		49524373A439BFE700000000 /* Release */ = {
			isa = XCBuildConfiguration;
			baseConfigurationReference = 1DD70E29EE5C65AF00000000 /* BuckExampleApp-Release.xcconfig */;
			buildSettings = {
			};
			name = Release;
		};
		49524373A439BFE700000001 /* Release */ = {
			isa = XCBuildConfiguration;
			buildSettings = {
			};
			name = Release;
		};
		6D304EE3209B4D940068DDD4 /* Debug */ = {
			isa = XCBuildConfiguration;
			buildSettings = {
				ALWAYS_SEARCH_USER_PATHS = NO;
				CLANG_ANALYZER_NONNULL = YES;
				CLANG_ANALYZER_NUMBER_OBJECT_CONVERSION = YES_AGGRESSIVE;
				CLANG_CXX_LANGUAGE_STANDARD = "gnu++14";
				CLANG_CXX_LIBRARY = "libc++";
				CLANG_ENABLE_MODULES = YES;
				CLANG_ENABLE_OBJC_ARC = YES;
				CLANG_ENABLE_OBJC_WEAK = YES;
				CLANG_WARN_BLOCK_CAPTURE_AUTORELEASING = YES;
				CLANG_WARN_BOOL_CONVERSION = YES;
				CLANG_WARN_COMMA = YES;
				CLANG_WARN_CONSTANT_CONVERSION = YES;
				CLANG_WARN_DEPRECATED_OBJC_IMPLEMENTATIONS = YES;
				CLANG_WARN_DIRECT_OBJC_ISA_USAGE = YES_ERROR;
				CLANG_WARN_DOCUMENTATION_COMMENTS = YES;
				CLANG_WARN_EMPTY_BODY = YES;
				CLANG_WARN_ENUM_CONVERSION = YES;
				CLANG_WARN_INFINITE_RECURSION = YES;
				CLANG_WARN_INT_CONVERSION = YES;
				CLANG_WARN_NON_LITERAL_NULL_CONVERSION = YES;
				CLANG_WARN_OBJC_IMPLICIT_RETAIN_SELF = YES;
				CLANG_WARN_OBJC_LITERAL_CONVERSION = YES;
				CLANG_WARN_OBJC_ROOT_CLASS = YES_ERROR;
				CLANG_WARN_RANGE_LOOP_ANALYSIS = YES;
				CLANG_WARN_STRICT_PROTOTYPES = YES;
				CLANG_WARN_SUSPICIOUS_MOVE = YES;
				CLANG_WARN_UNGUARDED_AVAILABILITY = YES_AGGRESSIVE;
				CLANG_WARN_UNREACHABLE_CODE = YES;
				CLANG_WARN__DUPLICATE_METHOD_MATCH = YES;
				CODE_SIGN_IDENTITY = "iPhone Developer";
				CODE_SIGN_STYLE = Automatic;
				COPY_PHASE_STRIP = NO;
				DEBUG_INFORMATION_FORMAT = dwarf;
				DEVELOPMENT_TEAM = 3YTGRA6MV9;
				ENABLE_STRICT_OBJC_MSGSEND = YES;
				ENABLE_TESTABILITY = YES;
				GCC_C_LANGUAGE_STANDARD = gnu11;
				GCC_DYNAMIC_NO_PIC = NO;
				GCC_NO_COMMON_BLOCKS = YES;
				GCC_OPTIMIZATION_LEVEL = 0;
				GCC_PREPROCESSOR_DEFINITIONS = (
					"DEBUG=1",
					"$(inherited)",
				);
				GCC_WARN_64_TO_32_BIT_CONVERSION = YES;
				GCC_WARN_ABOUT_RETURN_TYPE = YES_ERROR;
				GCC_WARN_UNDECLARED_SELECTOR = YES;
				GCC_WARN_UNINITIALIZED_AUTOS = YES_AGGRESSIVE;
				GCC_WARN_UNUSED_FUNCTION = YES;
				GCC_WARN_UNUSED_VARIABLE = YES;
				IPHONEOS_DEPLOYMENT_TARGET = 11.3;
				MTL_ENABLE_DEBUG_INFO = YES;
				ONLY_ACTIVE_ARCH = YES;
				OTHER_LDFLAGS = "-ObjC";
				PRODUCT_NAME = "$(TARGET_NAME)";
				SDKROOT = iphoneos;
				SKIP_INSTALL = YES;
				SWIFT_ACTIVE_COMPILATION_CONDITIONS = DEBUG;
				SWIFT_OPTIMIZATION_LEVEL = "-Onone";
				SWIFT_VERSION = 4.0;
				TARGETED_DEVICE_FAMILY = "1,2";
			};
			name = Debug;
		};
		6D304EE4209B4D940068DDD4 /* Profile */ = {
			isa = XCBuildConfiguration;
			buildSettings = {
				ALWAYS_SEARCH_USER_PATHS = NO;
				CLANG_ANALYZER_NONNULL = YES;
				CLANG_ANALYZER_NUMBER_OBJECT_CONVERSION = YES_AGGRESSIVE;
				CLANG_CXX_LANGUAGE_STANDARD = "gnu++14";
				CLANG_CXX_LIBRARY = "libc++";
				CLANG_ENABLE_MODULES = YES;
				CLANG_ENABLE_OBJC_ARC = YES;
				CLANG_ENABLE_OBJC_WEAK = YES;
				CLANG_WARN_BLOCK_CAPTURE_AUTORELEASING = YES;
				CLANG_WARN_BOOL_CONVERSION = YES;
				CLANG_WARN_COMMA = YES;
				CLANG_WARN_CONSTANT_CONVERSION = YES;
				CLANG_WARN_DEPRECATED_OBJC_IMPLEMENTATIONS = YES;
				CLANG_WARN_DIRECT_OBJC_ISA_USAGE = YES_ERROR;
				CLANG_WARN_DOCUMENTATION_COMMENTS = YES;
				CLANG_WARN_EMPTY_BODY = YES;
				CLANG_WARN_ENUM_CONVERSION = YES;
				CLANG_WARN_INFINITE_RECURSION = YES;
				CLANG_WARN_INT_CONVERSION = YES;
				CLANG_WARN_NON_LITERAL_NULL_CONVERSION = YES;
				CLANG_WARN_OBJC_IMPLICIT_RETAIN_SELF = YES;
				CLANG_WARN_OBJC_LITERAL_CONVERSION = YES;
				CLANG_WARN_OBJC_ROOT_CLASS = YES_ERROR;
				CLANG_WARN_RANGE_LOOP_ANALYSIS = YES;
				CLANG_WARN_STRICT_PROTOTYPES = YES;
				CLANG_WARN_SUSPICIOUS_MOVE = YES;
				CLANG_WARN_UNGUARDED_AVAILABILITY = YES_AGGRESSIVE;
				CLANG_WARN_UNREACHABLE_CODE = YES;
				CLANG_WARN__DUPLICATE_METHOD_MATCH = YES;
				CODE_SIGN_IDENTITY = "iPhone Developer";
				CODE_SIGN_STYLE = Automatic;
				COPY_PHASE_STRIP = NO;
				DEBUG_INFORMATION_FORMAT = "dwarf-with-dsym";
				DEVELOPMENT_TEAM = 3YTGRA6MV9;
				ENABLE_NS_ASSERTIONS = NO;
				ENABLE_STRICT_OBJC_MSGSEND = YES;
				GCC_C_LANGUAGE_STANDARD = gnu11;
				GCC_NO_COMMON_BLOCKS = YES;
				GCC_WARN_64_TO_32_BIT_CONVERSION = YES;
				GCC_WARN_ABOUT_RETURN_TYPE = YES_ERROR;
				GCC_WARN_UNDECLARED_SELECTOR = YES;
				GCC_WARN_UNINITIALIZED_AUTOS = YES_AGGRESSIVE;
				GCC_WARN_UNUSED_FUNCTION = YES;
				GCC_WARN_UNUSED_VARIABLE = YES;
				IPHONEOS_DEPLOYMENT_TARGET = 11.3;
				MTL_ENABLE_DEBUG_INFO = NO;
				OTHER_LDFLAGS = "-ObjC";
				PRODUCT_NAME = "$(TARGET_NAME)";
				SDKROOT = iphoneos;
				SKIP_INSTALL = YES;
				SWIFT_OPTIMIZATION_LEVEL = "-Owholemodule";
				SWIFT_VERSION = 4.0;
				TARGETED_DEVICE_FAMILY = "1,2";
				VALIDATE_PRODUCT = YES;
			};
			name = Profile;
		};
		6D304EE5209B4D940068DDD4 /* Release */ = {
			isa = XCBuildConfiguration;
			buildSettings = {
				ALWAYS_SEARCH_USER_PATHS = NO;
				CLANG_ANALYZER_NONNULL = YES;
				CLANG_ANALYZER_NUMBER_OBJECT_CONVERSION = YES_AGGRESSIVE;
				CLANG_CXX_LANGUAGE_STANDARD = "gnu++14";
				CLANG_CXX_LIBRARY = "libc++";
				CLANG_ENABLE_MODULES = YES;
				CLANG_ENABLE_OBJC_ARC = YES;
				CLANG_ENABLE_OBJC_WEAK = YES;
				CLANG_WARN_BLOCK_CAPTURE_AUTORELEASING = YES;
				CLANG_WARN_BOOL_CONVERSION = YES;
				CLANG_WARN_COMMA = YES;
				CLANG_WARN_CONSTANT_CONVERSION = YES;
				CLANG_WARN_DEPRECATED_OBJC_IMPLEMENTATIONS = YES;
				CLANG_WARN_DIRECT_OBJC_ISA_USAGE = YES_ERROR;
				CLANG_WARN_DOCUMENTATION_COMMENTS = YES;
				CLANG_WARN_EMPTY_BODY = YES;
				CLANG_WARN_ENUM_CONVERSION = YES;
				CLANG_WARN_INFINITE_RECURSION = YES;
				CLANG_WARN_INT_CONVERSION = YES;
				CLANG_WARN_NON_LITERAL_NULL_CONVERSION = YES;
				CLANG_WARN_OBJC_IMPLICIT_RETAIN_SELF = YES;
				CLANG_WARN_OBJC_LITERAL_CONVERSION = YES;
				CLANG_WARN_OBJC_ROOT_CLASS = YES_ERROR;
				CLANG_WARN_RANGE_LOOP_ANALYSIS = YES;
				CLANG_WARN_STRICT_PROTOTYPES = YES;
				CLANG_WARN_SUSPICIOUS_MOVE = YES;
				CLANG_WARN_UNGUARDED_AVAILABILITY = YES_AGGRESSIVE;
				CLANG_WARN_UNREACHABLE_CODE = YES;
				CLANG_WARN__DUPLICATE_METHOD_MATCH = YES;
				CODE_SIGN_IDENTITY = "iPhone Developer";
				CODE_SIGN_STYLE = Automatic;
				COPY_PHASE_STRIP = NO;
				DEBUG_INFORMATION_FORMAT = "dwarf-with-dsym";
				DEVELOPMENT_TEAM = 3YTGRA6MV9;
				ENABLE_NS_ASSERTIONS = NO;
				ENABLE_STRICT_OBJC_MSGSEND = YES;
				GCC_C_LANGUAGE_STANDARD = gnu11;
				GCC_NO_COMMON_BLOCKS = YES;
				GCC_WARN_64_TO_32_BIT_CONVERSION = YES;
				GCC_WARN_ABOUT_RETURN_TYPE = YES_ERROR;
				GCC_WARN_UNDECLARED_SELECTOR = YES;
				GCC_WARN_UNINITIALIZED_AUTOS = YES_AGGRESSIVE;
				GCC_WARN_UNUSED_FUNCTION = YES;
				GCC_WARN_UNUSED_VARIABLE = YES;
				IPHONEOS_DEPLOYMENT_TARGET = 11.3;
				MTL_ENABLE_DEBUG_INFO = NO;
				OTHER_LDFLAGS = "-ObjC";
				PRODUCT_NAME = "$(TARGET_NAME)";
				SDKROOT = iphoneos;
				SKIP_INSTALL = YES;
				SWIFT_OPTIMIZATION_LEVEL = "-Owholemodule";
				SWIFT_VERSION = 4.0;
				TARGETED_DEVICE_FAMILY = "1,2";
				VALIDATE_PRODUCT = YES;
			};
			name = Release;
		};
		6D304EF0209B4DAD0068DDD4 /* Debug */ = {
			isa = XCBuildConfiguration;
			buildSettings = {
				ALWAYS_SEARCH_USER_PATHS = NO;
				CLANG_ANALYZER_NONNULL = YES;
				CLANG_ANALYZER_NUMBER_OBJECT_CONVERSION = YES_AGGRESSIVE;
				CLANG_CXX_LANGUAGE_STANDARD = "gnu++14";
				CLANG_CXX_LIBRARY = "libc++";
				CLANG_ENABLE_MODULES = YES;
				CLANG_ENABLE_OBJC_ARC = YES;
				CLANG_ENABLE_OBJC_WEAK = YES;
				CLANG_WARN_BLOCK_CAPTURE_AUTORELEASING = YES;
				CLANG_WARN_BOOL_CONVERSION = YES;
				CLANG_WARN_COMMA = YES;
				CLANG_WARN_CONSTANT_CONVERSION = YES;
				CLANG_WARN_DEPRECATED_OBJC_IMPLEMENTATIONS = YES;
				CLANG_WARN_DIRECT_OBJC_ISA_USAGE = YES_ERROR;
				CLANG_WARN_DOCUMENTATION_COMMENTS = YES;
				CLANG_WARN_EMPTY_BODY = YES;
				CLANG_WARN_ENUM_CONVERSION = YES;
				CLANG_WARN_INFINITE_RECURSION = YES;
				CLANG_WARN_INT_CONVERSION = YES;
				CLANG_WARN_NON_LITERAL_NULL_CONVERSION = YES;
				CLANG_WARN_OBJC_IMPLICIT_RETAIN_SELF = YES;
				CLANG_WARN_OBJC_LITERAL_CONVERSION = YES;
				CLANG_WARN_OBJC_ROOT_CLASS = YES_ERROR;
				CLANG_WARN_RANGE_LOOP_ANALYSIS = YES;
				CLANG_WARN_STRICT_PROTOTYPES = YES;
				CLANG_WARN_SUSPICIOUS_MOVE = YES;
				CLANG_WARN_UNGUARDED_AVAILABILITY = YES_AGGRESSIVE;
				CLANG_WARN_UNREACHABLE_CODE = YES;
				CLANG_WARN__DUPLICATE_METHOD_MATCH = YES;
				CODE_SIGN_IDENTITY = "iPhone Developer";
				CODE_SIGN_STYLE = Automatic;
				COPY_PHASE_STRIP = NO;
				DEBUG_INFORMATION_FORMAT = dwarf;
				DEVELOPMENT_TEAM = 3YTGRA6MV9;
				ENABLE_STRICT_OBJC_MSGSEND = YES;
				ENABLE_TESTABILITY = YES;
				GCC_C_LANGUAGE_STANDARD = gnu11;
				GCC_DYNAMIC_NO_PIC = NO;
				GCC_NO_COMMON_BLOCKS = YES;
				GCC_OPTIMIZATION_LEVEL = 0;
				GCC_PREPROCESSOR_DEFINITIONS = (
					"DEBUG=1",
					"$(inherited)",
				);
				GCC_WARN_64_TO_32_BIT_CONVERSION = YES;
				GCC_WARN_ABOUT_RETURN_TYPE = YES_ERROR;
				GCC_WARN_UNDECLARED_SELECTOR = YES;
				GCC_WARN_UNINITIALIZED_AUTOS = YES_AGGRESSIVE;
				GCC_WARN_UNUSED_FUNCTION = YES;
				GCC_WARN_UNUSED_VARIABLE = YES;
				IPHONEOS_DEPLOYMENT_TARGET = 11.3;
				MTL_ENABLE_DEBUG_INFO = YES;
				ONLY_ACTIVE_ARCH = YES;
				OTHER_LDFLAGS = "-ObjC";
				PRODUCT_NAME = "$(TARGET_NAME)";
				SDKROOT = iphoneos;
				SKIP_INSTALL = YES;
				SWIFT_ACTIVE_COMPILATION_CONDITIONS = DEBUG;
				SWIFT_OPTIMIZATION_LEVEL = "-Onone";
				SWIFT_VERSION = 4.0;
				TARGETED_DEVICE_FAMILY = "1,2";
			};
			name = Debug;
		};
		6D304EF1209B4DAD0068DDD4 /* Profile */ = {
			isa = XCBuildConfiguration;
			buildSettings = {
				ALWAYS_SEARCH_USER_PATHS = NO;
				CLANG_ANALYZER_NONNULL = YES;
				CLANG_ANALYZER_NUMBER_OBJECT_CONVERSION = YES_AGGRESSIVE;
				CLANG_CXX_LANGUAGE_STANDARD = "gnu++14";
				CLANG_CXX_LIBRARY = "libc++";
				CLANG_ENABLE_MODULES = YES;
				CLANG_ENABLE_OBJC_ARC = YES;
				CLANG_ENABLE_OBJC_WEAK = YES;
				CLANG_WARN_BLOCK_CAPTURE_AUTORELEASING = YES;
				CLANG_WARN_BOOL_CONVERSION = YES;
				CLANG_WARN_COMMA = YES;
				CLANG_WARN_CONSTANT_CONVERSION = YES;
				CLANG_WARN_DEPRECATED_OBJC_IMPLEMENTATIONS = YES;
				CLANG_WARN_DIRECT_OBJC_ISA_USAGE = YES_ERROR;
				CLANG_WARN_DOCUMENTATION_COMMENTS = YES;
				CLANG_WARN_EMPTY_BODY = YES;
				CLANG_WARN_ENUM_CONVERSION = YES;
				CLANG_WARN_INFINITE_RECURSION = YES;
				CLANG_WARN_INT_CONVERSION = YES;
				CLANG_WARN_NON_LITERAL_NULL_CONVERSION = YES;
				CLANG_WARN_OBJC_IMPLICIT_RETAIN_SELF = YES;
				CLANG_WARN_OBJC_LITERAL_CONVERSION = YES;
				CLANG_WARN_OBJC_ROOT_CLASS = YES_ERROR;
				CLANG_WARN_RANGE_LOOP_ANALYSIS = YES;
				CLANG_WARN_STRICT_PROTOTYPES = YES;
				CLANG_WARN_SUSPICIOUS_MOVE = YES;
				CLANG_WARN_UNGUARDED_AVAILABILITY = YES_AGGRESSIVE;
				CLANG_WARN_UNREACHABLE_CODE = YES;
				CLANG_WARN__DUPLICATE_METHOD_MATCH = YES;
				CODE_SIGN_IDENTITY = "iPhone Developer";
				CODE_SIGN_STYLE = Automatic;
				COPY_PHASE_STRIP = NO;
				DEBUG_INFORMATION_FORMAT = "dwarf-with-dsym";
				DEVELOPMENT_TEAM = 3YTGRA6MV9;
				ENABLE_NS_ASSERTIONS = NO;
				ENABLE_STRICT_OBJC_MSGSEND = YES;
				GCC_C_LANGUAGE_STANDARD = gnu11;
				GCC_NO_COMMON_BLOCKS = YES;
				GCC_WARN_64_TO_32_BIT_CONVERSION = YES;
				GCC_WARN_ABOUT_RETURN_TYPE = YES_ERROR;
				GCC_WARN_UNDECLARED_SELECTOR = YES;
				GCC_WARN_UNINITIALIZED_AUTOS = YES_AGGRESSIVE;
				GCC_WARN_UNUSED_FUNCTION = YES;
				GCC_WARN_UNUSED_VARIABLE = YES;
				IPHONEOS_DEPLOYMENT_TARGET = 11.3;
				MTL_ENABLE_DEBUG_INFO = NO;
				OTHER_LDFLAGS = "-ObjC";
				PRODUCT_NAME = "$(TARGET_NAME)";
				SDKROOT = iphoneos;
				SKIP_INSTALL = YES;
				SWIFT_OPTIMIZATION_LEVEL = "-Owholemodule";
				SWIFT_VERSION = 4.0;
				TARGETED_DEVICE_FAMILY = "1,2";
				VALIDATE_PRODUCT = YES;
			};
			name = Profile;
		};
		6D304EF2209B4DAD0068DDD4 /* Release */ = {
			isa = XCBuildConfiguration;
			buildSettings = {
				ALWAYS_SEARCH_USER_PATHS = NO;
				CLANG_ANALYZER_NONNULL = YES;
				CLANG_ANALYZER_NUMBER_OBJECT_CONVERSION = YES_AGGRESSIVE;
				CLANG_CXX_LANGUAGE_STANDARD = "gnu++14";
				CLANG_CXX_LIBRARY = "libc++";
				CLANG_ENABLE_MODULES = YES;
				CLANG_ENABLE_OBJC_ARC = YES;
				CLANG_ENABLE_OBJC_WEAK = YES;
				CLANG_WARN_BLOCK_CAPTURE_AUTORELEASING = YES;
				CLANG_WARN_BOOL_CONVERSION = YES;
				CLANG_WARN_COMMA = YES;
				CLANG_WARN_CONSTANT_CONVERSION = YES;
				CLANG_WARN_DEPRECATED_OBJC_IMPLEMENTATIONS = YES;
				CLANG_WARN_DIRECT_OBJC_ISA_USAGE = YES_ERROR;
				CLANG_WARN_DOCUMENTATION_COMMENTS = YES;
				CLANG_WARN_EMPTY_BODY = YES;
				CLANG_WARN_ENUM_CONVERSION = YES;
				CLANG_WARN_INFINITE_RECURSION = YES;
				CLANG_WARN_INT_CONVERSION = YES;
				CLANG_WARN_NON_LITERAL_NULL_CONVERSION = YES;
				CLANG_WARN_OBJC_IMPLICIT_RETAIN_SELF = YES;
				CLANG_WARN_OBJC_LITERAL_CONVERSION = YES;
				CLANG_WARN_OBJC_ROOT_CLASS = YES_ERROR;
				CLANG_WARN_RANGE_LOOP_ANALYSIS = YES;
				CLANG_WARN_STRICT_PROTOTYPES = YES;
				CLANG_WARN_SUSPICIOUS_MOVE = YES;
				CLANG_WARN_UNGUARDED_AVAILABILITY = YES_AGGRESSIVE;
				CLANG_WARN_UNREACHABLE_CODE = YES;
				CLANG_WARN__DUPLICATE_METHOD_MATCH = YES;
				CODE_SIGN_IDENTITY = "iPhone Developer";
				CODE_SIGN_STYLE = Automatic;
				COPY_PHASE_STRIP = NO;
				DEBUG_INFORMATION_FORMAT = "dwarf-with-dsym";
				DEVELOPMENT_TEAM = 3YTGRA6MV9;
				ENABLE_NS_ASSERTIONS = NO;
				ENABLE_STRICT_OBJC_MSGSEND = YES;
				GCC_C_LANGUAGE_STANDARD = gnu11;
				GCC_NO_COMMON_BLOCKS = YES;
				GCC_WARN_64_TO_32_BIT_CONVERSION = YES;
				GCC_WARN_ABOUT_RETURN_TYPE = YES_ERROR;
				GCC_WARN_UNDECLARED_SELECTOR = YES;
				GCC_WARN_UNINITIALIZED_AUTOS = YES_AGGRESSIVE;
				GCC_WARN_UNUSED_FUNCTION = YES;
				GCC_WARN_UNUSED_VARIABLE = YES;
				IPHONEOS_DEPLOYMENT_TARGET = 11.3;
				MTL_ENABLE_DEBUG_INFO = NO;
				OTHER_LDFLAGS = "-ObjC";
				PRODUCT_NAME = "$(TARGET_NAME)";
				SDKROOT = iphoneos;
				SKIP_INSTALL = YES;
				SWIFT_OPTIMIZATION_LEVEL = "-Owholemodule";
				SWIFT_VERSION = 4.0;
				TARGETED_DEVICE_FAMILY = "1,2";
				VALIDATE_PRODUCT = YES;
			};
			name = Release;
		};
/* End XCBuildConfiguration section */

/* Begin XCConfigurationList section */
		218C37090000000000000000 /* Build configuration list for PBXNativeTarget "BuckExampleApp" */ = {
			isa = XCConfigurationList;
			buildConfigurations = (
				4952437303EDA63300000000 /* Debug */,
				4952437350C7218900000000 /* Profile */,
				49524373A439BFE700000000 /* Release */,
			);
			defaultConfigurationIsVisible = 0;
			defaultConfigurationName = Release;
		};
		218C37090000000000000001 /* Build configuration list for PBXProject "Project" */ = {
			isa = XCConfigurationList;
			buildConfigurations = (
				4952437303EDA63300000001 /* Debug */,
				4952437350C7218900000001 /* Profile */,
				49524373A439BFE700000001 /* Release */,
			);
			defaultConfigurationIsVisible = 0;
			defaultConfigurationName = Release;
		};
		6D304EE6209B4D940068DDD4 /* Build configuration list for PBXNativeTarget "test" */ = {
			isa = XCConfigurationList;
			buildConfigurations = (
				6D304EE3209B4D940068DDD4 /* Debug */,
				6D304EE4209B4D940068DDD4 /* Profile */,
				6D304EE5209B4D940068DDD4 /* Release */,
			);
			defaultConfigurationIsVisible = 0;
			defaultConfigurationName = Release;
		};
		6D304EEF209B4DAD0068DDD4 /* Build configuration list for PBXNativeTarget "tests" */ = {
			isa = XCConfigurationList;
			buildConfigurations = (
				6D304EF0209B4DAD0068DDD4 /* Debug */,
				6D304EF1209B4DAD0068DDD4 /* Profile */,
				6D304EF2209B4DAD0068DDD4 /* Release */,
			);
			defaultConfigurationIsVisible = 0;
			defaultConfigurationName = Release;
		};
/* End XCConfigurationList section */
	};
	rootObject = 96C8479350C8E2F900000000 /* Project object */;
}
